
Microsoft Visual Studio Solution File, Format Version 12.00
# Visual Studio Version 16
VisualStudioVersion = 16.0.31112.23
MinimumVisualStudioVersion = 10.0.40219.1
Project("{888888A0-9F3D-457C-B088-3A5042F75D52}") = "Spriral_DeepLearning", "Spriral_DeepLearning\Spriral_DeepLearning.pyproj", "{0DEA6479-7B84-4163-A03B-AB66E3130D43}"
EndProject
Global
	GlobalSection(SolutionConfigurationPlatforms) = preSolution
		Debug|Any CPU = Debug|Any CPU
		Release|Any CPU = Release|Any CPU
	EndGlobalSection
	GlobalSection(ProjectConfigurationPlatforms) = postSolution
		{0DEA6479-7B84-4163-A03B-AB66E3130D43}.Debug|Any CPU.ActiveCfg = Debug|Any CPU
		{0DEA6479-7B84-4163-A03B-AB66E3130D43}.Release|Any CPU.ActiveCfg = Release|Any CPU
	EndGlobalSection
	GlobalSection(SolutionProperties) = preSolution
		HideSolutionNode = FALSE
	EndGlobalSection
	GlobalSection(ExtensibilityGlobals) = postSolution
		SolutionGuid = {BBAE0438-B985-442E-98C7-ED6C0F37CF53}
	EndGlobalSection
EndGlobal
